
Microsoft Visual Studio Solution File, Format Version 12.00
# Visual Studio 15
VisualStudioVersion = 15.0.28010.2046
MinimumVisualStudioVersion = 10.0.40219.1
Project("{FAE04EC0-301F-11D3-BF4B-00C04F79EFBC}") = "Lambda Exercise", "Lambda Exercise\Lambda Exercise.csproj", "{BCAC694B-8221-4E39-B19A-31DF2C9FD42C}"
EndProject
Global
	GlobalSection(SolutionConfigurationPlatforms) = preSolution
		Debug|Any CPU = Debug|Any CPU
		Release|Any CPU = Release|Any CPU
	EndGlobalSection
	GlobalSection(ProjectConfigurationPlatforms) = postSolution
		{BCAC694B-8221-4E39-B19A-31DF2C9FD42C}.Debug|Any CPU.ActiveCfg = Debug|Any CPU
		{BCAC694B-8221-4E39-B19A-31DF2C9FD42C}.Debug|Any CPU.Build.0 = Debug|Any CPU
		{BCAC694B-8221-4E39-B19A-31DF2C9FD42C}.Release|Any CPU.ActiveCfg = Release|Any CPU
		{BCAC694B-8221-4E39-B19A-31DF2C9FD42C}.Release|Any CPU.Build.0 = Release|Any CPU
	EndGlobalSection
	GlobalSection(SolutionProperties) = preSolution
		HideSolutionNode = FALSE
	EndGlobalSection
	GlobalSection(ExtensibilityGlobals) = postSolution
		SolutionGuid = {EFC44DE8-36E3-43F0-8DAD-A9A158028FFD}
	EndGlobalSection
EndGlobal
