
Microsoft Visual Studio Solution File, Format Version 12.00
# Visual Studio 15
VisualStudioVersion = 15.0.28010.2046
MinimumVisualStudioVersion = 10.0.40219.1
Project("{FAE04EC0-301F-11D3-BF4B-00C04F79EFBC}") = "Loops", "Loops\Loops.csproj", "{9F44D16B-10EF-4E6B-A987-77F3EE19C573}"
EndProject
Project("{FAE04EC0-301F-11D3-BF4B-00C04F79EFBC}") = "Loops Exercise", "..\Loops Exercise\Loops Exercise.csproj", "{8B74E90B-B37D-463B-A038-986F290886A9}"
EndProject
Project("{FAE04EC0-301F-11D3-BF4B-00C04F79EFBC}") = "Loops Exercise 2", "..\Loops Exercise 2\Loops Exercise 2.csproj", "{091657BD-63B8-4F9F-9A83-ED9DF0EC47E7}"
EndProject
Global
	GlobalSection(SolutionConfigurationPlatforms) = preSolution
		Debug|Any CPU = Debug|Any CPU
		Release|Any CPU = Release|Any CPU
	EndGlobalSection
	GlobalSection(ProjectConfigurationPlatforms) = postSolution
		{9F44D16B-10EF-4E6B-A987-77F3EE19C573}.Debug|Any CPU.ActiveCfg = Debug|Any CPU
		{9F44D16B-10EF-4E6B-A987-77F3EE19C573}.Debug|Any CPU.Build.0 = Debug|Any CPU
		{9F44D16B-10EF-4E6B-A987-77F3EE19C573}.Release|Any CPU.ActiveCfg = Release|Any CPU
		{9F44D16B-10EF-4E6B-A987-77F3EE19C573}.Release|Any CPU.Build.0 = Release|Any CPU
		{8B74E90B-B37D-463B-A038-986F290886A9}.Debug|Any CPU.ActiveCfg = Debug|Any CPU
		{8B74E90B-B37D-463B-A038-986F290886A9}.Debug|Any CPU.Build.0 = Debug|Any CPU
		{8B74E90B-B37D-463B-A038-986F290886A9}.Release|Any CPU.ActiveCfg = Release|Any CPU
		{8B74E90B-B37D-463B-A038-986F290886A9}.Release|Any CPU.Build.0 = Release|Any CPU
		{091657BD-63B8-4F9F-9A83-ED9DF0EC47E7}.Debug|Any CPU.ActiveCfg = Debug|Any CPU
		{091657BD-63B8-4F9F-9A83-ED9DF0EC47E7}.Debug|Any CPU.Build.0 = Debug|Any CPU
		{091657BD-63B8-4F9F-9A83-ED9DF0EC47E7}.Release|Any CPU.ActiveCfg = Release|Any CPU
		{091657BD-63B8-4F9F-9A83-ED9DF0EC47E7}.Release|Any CPU.Build.0 = Release|Any CPU
	EndGlobalSection
	GlobalSection(SolutionProperties) = preSolution
		HideSolutionNode = FALSE
	EndGlobalSection
	GlobalSection(ExtensibilityGlobals) = postSolution
		SolutionGuid = {38D29F45-7BF5-4FB2-876B-1FCB5F04E413}
	EndGlobalSection
EndGlobal
