
Microsoft Visual Studio Solution File, Format Version 12.00
# Visual Studio 15
VisualStudioVersion = 15.0.28010.2046
MinimumVisualStudioVersion = 10.0.40219.1
Project("{FAE04EC0-301F-11D3-BF4B-00C04F79EFBC}") = "File IO Exercise", "File IO Exercise\File IO Exercise.csproj", "{32B38692-C281-446A-A0E7-57DB9A4D26AA}"
EndProject
Global
	GlobalSection(SolutionConfigurationPlatforms) = preSolution
		Debug|Any CPU = Debug|Any CPU
		Release|Any CPU = Release|Any CPU
	EndGlobalSection
	GlobalSection(ProjectConfigurationPlatforms) = postSolution
		{32B38692-C281-446A-A0E7-57DB9A4D26AA}.Debug|Any CPU.ActiveCfg = Debug|Any CPU
		{32B38692-C281-446A-A0E7-57DB9A4D26AA}.Debug|Any CPU.Build.0 = Debug|Any CPU
		{32B38692-C281-446A-A0E7-57DB9A4D26AA}.Release|Any CPU.ActiveCfg = Release|Any CPU
		{32B38692-C281-446A-A0E7-57DB9A4D26AA}.Release|Any CPU.Build.0 = Release|Any CPU
	EndGlobalSection
	GlobalSection(SolutionProperties) = preSolution
		HideSolutionNode = FALSE
	EndGlobalSection
	GlobalSection(ExtensibilityGlobals) = postSolution
		SolutionGuid = {777935E0-7356-400F-8668-9C295B5CD644}
	EndGlobalSection
EndGlobal
