
Microsoft Visual Studio Solution File, Format Version 12.00
# Visual Studio 15
VisualStudioVersion = 15.0.28010.2046
MinimumVisualStudioVersion = 10.0.40219.1
Project("{FAE04EC0-301F-11D3-BF4B-00C04F79EFBC}") = "Constant, Var Exercise", "Constant, Var Exercise\Constant, Var Exercise.csproj", "{30F42ED1-3019-4796-A871-9994B32063CB}"
EndProject
Global
	GlobalSection(SolutionConfigurationPlatforms) = preSolution
		Debug|Any CPU = Debug|Any CPU
		Release|Any CPU = Release|Any CPU
	EndGlobalSection
	GlobalSection(ProjectConfigurationPlatforms) = postSolution
		{30F42ED1-3019-4796-A871-9994B32063CB}.Debug|Any CPU.ActiveCfg = Debug|Any CPU
		{30F42ED1-3019-4796-A871-9994B32063CB}.Debug|Any CPU.Build.0 = Debug|Any CPU
		{30F42ED1-3019-4796-A871-9994B32063CB}.Release|Any CPU.ActiveCfg = Release|Any CPU
		{30F42ED1-3019-4796-A871-9994B32063CB}.Release|Any CPU.Build.0 = Release|Any CPU
	EndGlobalSection
	GlobalSection(SolutionProperties) = preSolution
		HideSolutionNode = FALSE
	EndGlobalSection
	GlobalSection(ExtensibilityGlobals) = postSolution
		SolutionGuid = {BCF53877-AA20-4F2C-A0C5-A1C39C6BE9B3}
	EndGlobalSection
EndGlobal
