
Microsoft Visual Studio Solution File, Format Version 12.00
# Visual Studio 15
VisualStudioVersion = 15.0.28010.2046
MinimumVisualStudioVersion = 10.0.40219.1
Project("{FAE04EC0-301F-11D3-BF4B-00C04F79EFBC}") = "Abstract Class Exercise", "Abstract Class Exercise\Abstract Class Exercise.csproj", "{1AE4583D-80FD-4F89-86A7-ECA69E7DDA49}"
EndProject
Global
	GlobalSection(SolutionConfigurationPlatforms) = preSolution
		Debug|Any CPU = Debug|Any CPU
		Release|Any CPU = Release|Any CPU
	EndGlobalSection
	GlobalSection(ProjectConfigurationPlatforms) = postSolution
		{1AE4583D-80FD-4F89-86A7-ECA69E7DDA49}.Debug|Any CPU.ActiveCfg = Debug|Any CPU
		{1AE4583D-80FD-4F89-86A7-ECA69E7DDA49}.Debug|Any CPU.Build.0 = Debug|Any CPU
		{1AE4583D-80FD-4F89-86A7-ECA69E7DDA49}.Release|Any CPU.ActiveCfg = Release|Any CPU
		{1AE4583D-80FD-4F89-86A7-ECA69E7DDA49}.Release|Any CPU.Build.0 = Release|Any CPU
	EndGlobalSection
	GlobalSection(SolutionProperties) = preSolution
		HideSolutionNode = FALSE
	EndGlobalSection
	GlobalSection(ExtensibilityGlobals) = postSolution
		SolutionGuid = {2DD58EEC-D31A-4F7D-A3F5-97910AAC5132}
	EndGlobalSection
EndGlobal
