
Microsoft Visual Studio Solution File, Format Version 12.00
# Visual Studio 15
VisualStudioVersion = 15.0.28010.2046
MinimumVisualStudioVersion = 10.0.40219.1
Project("{FAE04EC0-301F-11D3-BF4B-00C04F79EFBC}") = "Strings Exercise", "Strings Exercise\Strings Exercise.csproj", "{5949E7BB-7776-42B7-9346-EB601D83BC70}"
EndProject
Global
	GlobalSection(SolutionConfigurationPlatforms) = preSolution
		Debug|Any CPU = Debug|Any CPU
		Release|Any CPU = Release|Any CPU
	EndGlobalSection
	GlobalSection(ProjectConfigurationPlatforms) = postSolution
		{5949E7BB-7776-42B7-9346-EB601D83BC70}.Debug|Any CPU.ActiveCfg = Debug|Any CPU
		{5949E7BB-7776-42B7-9346-EB601D83BC70}.Debug|Any CPU.Build.0 = Debug|Any CPU
		{5949E7BB-7776-42B7-9346-EB601D83BC70}.Release|Any CPU.ActiveCfg = Release|Any CPU
		{5949E7BB-7776-42B7-9346-EB601D83BC70}.Release|Any CPU.Build.0 = Release|Any CPU
	EndGlobalSection
	GlobalSection(SolutionProperties) = preSolution
		HideSolutionNode = FALSE
	EndGlobalSection
	GlobalSection(ExtensibilityGlobals) = postSolution
		SolutionGuid = {B95A9BB0-0768-4F36-A458-BAD3855F3681}
	EndGlobalSection
EndGlobal
